// !$*UTF8*$!
{
	archiveVersion = 1;
	classes = {
	};
	objectVersion = 46;
	objects = {

/* Begin PBXBuildFile section */
		4E1443D01D3D14EC00A3478B /* main.m in Sources */ = {isa = PBXBuildFile; fileRef = 4E1443CF1D3D14EC00A3478B /* main.m */; };
		4E1443D31D3D14EC00A3478B /* AppDelegate.m in Sources */ = {isa = PBXBuildFile; fileRef = 4E1443D21D3D14EC00A3478B /* AppDelegate.m */; };
		4E1443D61D3D14EC00A3478B /* ViewController.m in Sources */ = {isa = PBXBuildFile; fileRef = 4E1443D51D3D14EC00A3478B /* ViewController.m */; };
		4E1443D91D3D14EC00A3478B /* Main.storyboard in Resources */ = {isa = PBXBuildFile; fileRef = 4E1443D71D3D14EC00A3478B /* Main.storyboard */; };
		4E1443DB1D3D14ED00A3478B /* Assets.xcassets in Resources */ = {isa = PBXBuildFile; fileRef = 4E1443DA1D3D14ED00A3478B /* Assets.xcassets */; };
		4E1443DE1D3D14ED00A3478B /* LaunchScreen.storyboard in Resources */ = {isa = PBXBuildFile; fileRef = 4E1443DC1D3D14ED00A3478B /* LaunchScreen.storyboard */; };
		4E576E7A1D3DEFA10059DD06 /* QuartzCore.framework in Frameworks */ = {isa = PBXBuildFile; fileRef = 4E576E791D3DEFA10059DD06 /* QuartzCore.framework */; };
		4E576EBF1D3E06760059DD06 /* ClircleAnimate.m in Sources */ = {isa = PBXBuildFile; fileRef = 4E576EBE1D3E06760059DD06 /* ClircleAnimate.m */; };
/* End PBXBuildFile section */

/* Begin PBXFileReference section */
		4E1443CB1D3D14EC00A3478B /* CircleAnimateDemo.app */ = {isa = PBXFileReference; explicitFileType = wrapper.application; includeInIndex = 0; path = CircleAnimateDemo.app; sourceTree = BUILT_PRODUCTS_DIR; };
		4E1443CF1D3D14EC00A3478B /* main.m */ = {isa = PBXFileReference; lastKnownFileType = sourcecode.c.objc; path = main.m; sourceTree = "<group>"; };
		4E1443D11D3D14EC00A3478B /* AppDelegate.h */ = {isa = PBXFileReference; lastKnownFileType = sourcecode.c.h; path = AppDelegate.h; sourceTree = "<group>"; };
		4E1443D21D3D14EC00A3478B /* AppDelegate.m */ = {isa = PBXFileReference; lastKnownFileType = sourcecode.c.objc; path = AppDelegate.m; sourceTree = "<group>"; };
		4E1443D41D3D14EC00A3478B /* ViewController.h */ = {isa = PBXFileReference; lastKnownFileType = sourcecode.c.h; path = ViewController.h; sourceTree = "<group>"; };
		4E1443D51D3D14EC00A3478B /* ViewController.m */ = {isa = PBXFileReference; lastKnownFileType = sourcecode.c.objc; path = ViewController.m; sourceTree = "<group>"; };
		4E1443D81D3D14EC00A3478B /* Base */ = {isa = PBXFileReference; lastKnownFileType = file.storyboard; name = Base; path = Base.lproj/Main.storyboard; sourceTree = "<group>"; };
		4E1443DA1D3D14ED00A3478B /* Assets.xcassets */ = {isa = PBXFileReference; lastKnownFileType = folder.assetcatalog; path = Assets.xcassets; sourceTree = "<group>"; };
		4E1443DD1D3D14ED00A3478B /* Base */ = {isa = PBXFileReference; lastKnownFileType = file.storyboard; name = Base; path = Base.lproj/LaunchScreen.storyboard; sourceTree = "<group>"; };
		4E1443DF1D3D14ED00A3478B /* Info.plist */ = {isa = PBXFileReference; lastKnownFileType = text.plist.xml; path = Info.plist; sourceTree = "<group>"; };
		4E576E791D3DEFA10059DD06 /* QuartzCore.framework */ = {isa = PBXFileReference; lastKnownFileType = wrapper.framework; name = QuartzCore.framework; path = System/Library/Frameworks/QuartzCore.framework; sourceTree = SDKROOT; };
		4E576EBD1D3E06760059DD06 /* ClircleAnimate.h */ = {isa = PBXFileReference; fileEncoding = 4; lastKnownFileType = sourcecode.c.h; path = ClircleAnimate.h; sourceTree = "<group>"; };
		4E576EBE1D3E06760059DD06 /* ClircleAnimate.m */ = {isa = PBXFileReference; fileEncoding = 4; lastKnownFileType = sourcecode.c.objc; path = ClircleAnimate.m; sourceTree = "<group>"; };
/* End PBXFileReference section */

/* Begin PBXFrameworksBuildPhase section */
		4E1443C81D3D14EC00A3478B /* Frameworks */ = {
			isa = PBXFrameworksBuildPhase;
			buildActionMask = 2147483647;
			files = (
				4E576E7A1D3DEFA10059DD06 /* QuartzCore.framework in Frameworks */,
			);
			runOnlyForDeploymentPostprocessing = 0;
		};
/* End PBXFrameworksBuildPhase section */

/* Begin PBXGroup section */
		4E1443C21D3D14EC00A3478B = {
			isa = PBXGroup;
			children = (
				4E576E791D3DEFA10059DD06 /* QuartzCore.framework */,
				4E1443CD1D3D14EC00A3478B /* CircleAnimateDemo */,
				4E1443CC1D3D14EC00A3478B /* Products */,
			);
			sourceTree = "<group>";
		};
		4E1443CC1D3D14EC00A3478B /* Products */ = {
			isa = PBXGroup;
			children = (
				4E1443CB1D3D14EC00A3478B /* CircleAnimateDemo.app */,
			);
			name = Products;
			sourceTree = "<group>";
		};
		4E1443CD1D3D14EC00A3478B /* CircleAnimateDemo */ = {
			isa = PBXGroup;
			children = (
				4E1443D11D3D14EC00A3478B /* AppDelegate.h */,
				4E1443D21D3D14EC00A3478B /* AppDelegate.m */,
				4E1443D41D3D14EC00A3478B /* ViewController.h */,
				4E1443D51D3D14EC00A3478B /* ViewController.m */,
				4E576EBD1D3E06760059DD06 /* ClircleAnimate.h */,
				4E576EBE1D3E06760059DD06 /* ClircleAnimate.m */,
				4E1443D71D3D14EC00A3478B /* Main.storyboard */,
				4E1443DA1D3D14ED00A3478B /* Assets.xcassets */,
				4E1443DC1D3D14ED00A3478B /* LaunchScreen.storyboard */,
				4E1443DF1D3D14ED00A3478B /* Info.plist */,
				4E1443CE1D3D14EC00A3478B /* Supporting Files */,
			);
			path = CircleAnimateDemo;
			sourceTree = "<group>";
		};
		4E1443CE1D3D14EC00A3478B /* Supporting Files */ = {
			isa = PBXGroup;
			children = (
				4E1443CF1D3D14EC00A3478B /* main.m */,
			);
			name = "Supporting Files";
			sourceTree = "<group>";
		};
/* End PBXGroup section */

/* Begin PBXNativeTarget section */
		4E1443CA1D3D14EC00A3478B /* CircleAnimateDemo */ = {
			isa = PBXNativeTarget;
			buildConfigurationList = 4E1443E21D3D14ED00A3478B /* Build configuration list for PBXNativeTarget "CircleAnimateDemo" */;
			buildPhases = (
				4E1443C71D3D14EC00A3478B /* Sources */,
				4E1443C81D3D14EC00A3478B /* Frameworks */,
				4E1443C91D3D14EC00A3478B /* Resources */,
			);
			buildRules = (
			);
			dependencies = (
			);
			name = CircleAnimateDemo;
			productName = CircleAnimateDemo;
			productReference = 4E1443CB1D3D14EC00A3478B /* CircleAnimateDemo.app */;
			productType = "com.apple.product-type.application";
		};
/* End PBXNativeTarget section */

/* Begin PBXProject section */
		4E1443C31D3D14EC00A3478B /* Project object */ = {
			isa = PBXProject;
			attributes = {
				LastUpgradeCheck = 0730;
				ORGANIZATIONNAME = "qiuyu wang";
				TargetAttributes = {
					4E1443CA1D3D14EC00A3478B = {
						CreatedOnToolsVersion = 7.3;
					};
				};
			};
			buildConfigurationList = 4E1443C61D3D14EC00A3478B /* Build configuration list for PBXProject "CircleAnimateDemo" */;
			compatibilityVersion = "Xcode 3.2";
			developmentRegion = English;
			hasScannedForEncodings = 0;
			knownRegions = (
				en,
				Base,
			);
			mainGroup = 4E1443C21D3D14EC00A3478B;
			productRefGroup = 4E1443CC1D3D14EC00A3478B /* Products */;
			projectDirPath = "";
			projectRoot = "";
			targets = (
				4E1443CA1D3D14EC00A3478B /* CircleAnimateDemo */,
			);
		};
/* End PBXProject section */

/* Begin PBXResourcesBuildPhase section */
		4E1443C91D3D14EC00A3478B /* Resources */ = {
			isa = PBXResourcesBuildPhase;
			buildActionMask = 2147483647;
			files = (
				4E1443DE1D3D14ED00A3478B /* LaunchScreen.storyboard in Resources */,
				4E1443DB1D3D14ED00A3478B /* Assets.xcassets in Resources */,
				4E1443D91D3D14EC00A3478B /* Main.storyboard in Resources */,
			);
			runOnlyForDeploymentPostprocessing = 0;
		};
/* End PBXResourcesBuildPhase section */

/* Begin PBXSourcesBuildPhase section */
		4E1443C71D3D14EC00A3478B /* Sources */ = {
			isa = PBXSourcesBuildPhase;
			buildActionMask = 2147483647;
			files = (
				4E1443D61D3D14EC00A3478B /* ViewController.m in Sources */,
				4E1443D31D3D14EC00A3478B /* AppDelegate.m in Sources */,
				4E576EBF1D3E06760059DD06 /* ClircleAnimate.m in Sources */,
				4E1443D01D3D14EC00A3478B /* main.m in Sources */,
			);
			runOnlyForDeploymentPostprocessing = 0;
		};
/* End PBXSourcesBuildPhase section */

/* Begin PBXVariantGroup section */
		4E1443D71D3D14EC00A3478B /* Main.storyboard */ = {
			isa = PBXVariantGroup;
			children = (
				4E1443D81D3D14EC00A3478B /* Base */,
			);
			name = Main.storyboard;
			sourceTree = "<group>";
		};
		4E1443DC1D3D14ED00A3478B /* LaunchScreen.storyboard */ = {
			isa = PBXVariantGroup;
			children = (
				4E1443DD1D3D14ED00A3478B /* Base */,
			);
			name = LaunchScreen.storyboard;
			sourceTree = "<group>";
		};
/* End PBXVariantGroup section */

/* Begin XCBuildConfiguration section */
		4E1443E01D3D14ED00A3478B /* Debug */ = {
			isa = XCBuildConfiguration;
			buildSettings = {
				ALWAYS_SEARCH_USER_PATHS = NO;
				CLANG_ANALYZER_NONNULL = YES;
				CLANG_CXX_LANGUAGE_STANDARD = "gnu++0x";
				CLANG_CXX_LIBRARY = "libc++";
				CLANG_ENABLE_MODULES = YES;
				CLANG_ENABLE_OBJC_ARC = YES;
				CLANG_WARN_BOOL_CONVERSION = YES;
				CLANG_WARN_CONSTANT_CONVERSION = YES;
				CLANG_WARN_DIRECT_OBJC_ISA_USAGE = YES_ERROR;
				CLANG_WARN_EMPTY_BODY = YES;
				CLANG_WARN_ENUM_CONVERSION = YES;
				CLANG_WARN_INT_CONVERSION = YES;
				CLANG_WARN_OBJC_ROOT_CLASS = YES_ERROR;
				CLANG_WARN_UNREACHABLE_CODE = YES;
				CLANG_WARN__DUPLICATE_METHOD_MATCH = YES;
				"CODE_SIGN_IDENTITY[sdk=iphoneos*]" = "iPhone Developer";
				COPY_PHASE_STRIP = NO;
				DEBUG_INFORMATION_FORMAT = dwarf;
				ENABLE_STRICT_OBJC_MSGSEND = YES;
				ENABLE_TESTABILITY = YES;
				GCC_C_LANGUAGE_STANDARD = gnu99;
				GCC_DYNAMIC_NO_PIC = NO;
				GCC_NO_COMMON_BLOCKS = YES;
				GCC_OPTIMIZATION_LEVEL = 0;
				GCC_PREPROCESSOR_DEFINITIONS = (
					"DEBUG=1",
					"$(inherited)",
				);
				GCC_WARN_64_TO_32_BIT_CONVERSION = YES;
				GCC_WARN_ABOUT_RETURN_TYPE = YES_ERROR;
				GCC_WARN_UNDECLARED_SELECTOR = YES;
				GCC_WARN_UNINITIALIZED_AUTOS = YES_AGGRESSIVE;
				GCC_WARN_UNUSED_FUNCTION = YES;
				GCC_WARN_UNUSED_VARIABLE = YES;
				IPHONEOS_DEPLOYMENT_TARGET = 9.3;
				MTL_ENABLE_DEBUG_INFO = YES;
				ONLY_ACTIVE_ARCH = YES;
				SDKROOT = iphoneos;
			};
			name = Debug;
		};
		4E1443E11D3D14ED00A3478B /* Release */ = {
			isa = XCBuildConfiguration;
			buildSettings = {
				ALWAYS_SEARCH_USER_PATHS = NO;
				CLANG_ANALYZER_NONNULL = YES;
				CLANG_CXX_LANGUAGE_STANDARD = "gnu++0x";
				CLANG_CXX_LIBRARY = "libc++";
				CLANG_ENABLE_MODULES = YES;
				CLANG_ENABLE_OBJC_ARC = YES;
				CLANG_WARN_BOOL_CONVERSION = YES;
				CLANG_WARN_CONSTANT_CONVERSION = YES;
				CLANG_WARN_DIRECT_OBJC_ISA_USAGE = YES_ERROR;
				CLANG_WARN_EMPTY_BODY = YES;
				CLANG_WARN_ENUM_CONVERSION = YES;
				CLANG_WARN_INT_CONVERSION = YES;
				CLANG_WARN_OBJC_ROOT_CLASS = YES_ERROR;
				CLANG_WARN_UNREACHABLE_CODE = YES;
				CLANG_WARN__DUPLICATE_METHOD_MATCH = YES;
				"CODE_SIGN_IDENTITY[sdk=iphoneos*]" = "iPhone Developer";
				COPY_PHASE_STRIP = NO;
				DEBUG_INFORMATION_FORMAT = "dwarf-with-dsym";
				ENABLE_NS_ASSERTIONS = NO;
				ENABLE_STRICT_OBJC_MSGSEND = YES;
				GCC_C_LANGUAGE_STANDARD = gnu99;
				GCC_NO_COMMON_BLOCKS = YES;
				GCC_WARN_64_TO_32_BIT_CONVERSION = YES;
				GCC_WARN_ABOUT_RETURN_TYPE = YES_ERROR;
				GCC_WARN_UNDECLARED_SELECTOR = YES;
				GCC_WARN_UNINITIALIZED_AUTOS = YES_AGGRESSIVE;
				GCC_WARN_UNUSED_FUNCTION = YES;
				GCC_WARN_UNUSED_VARIABLE = YES;
				IPHONEOS_DEPLOYMENT_TARGET = 9.3;
				MTL_ENABLE_DEBUG_INFO = NO;
				SDKROOT = iphoneos;
				VALIDATE_PRODUCT = YES;
			};
			name = Release;
		};
		4E1443E31D3D14ED00A3478B /* Debug */ = {
			isa = XCBuildConfiguration;
			buildSettings = {
				ASSETCATALOG_COMPILER_APPICON_NAME = AppIcon;
				INFOPLIST_FILE = CircleAnimateDemo/Info.plist;
				LD_RUNPATH_SEARCH_PATHS = "$(inherited) @executable_path/Frameworks";
				PRODUCT_BUNDLE_IDENTIFIER = com.qiuyu.test.CircleAnimateDemo;
				PRODUCT_NAME = "$(TARGET_NAME)";
			};
			name = Debug;
		};
		4E1443E41D3D14ED00A3478B /* Release */ = {
			isa = XCBuildConfiguration;
			buildSettings = {
				ASSETCATALOG_COMPILER_APPICON_NAME = AppIcon;
				INFOPLIST_FILE = CircleAnimateDemo/Info.plist;
				LD_RUNPATH_SEARCH_PATHS = "$(inherited) @executable_path/Frameworks";
				PRODUCT_BUNDLE_IDENTIFIER = com.qiuyu.test.CircleAnimateDemo;
				PRODUCT_NAME = "$(TARGET_NAME)";
			};
			name = Release;
		};
/* End XCBuildConfiguration section */

/* Begin XCConfigurationList section */
		4E1443C61D3D14EC00A3478B /* Build configuration list for PBXProject "CircleAnimateDemo" */ = {
			isa = XCConfigurationList;
			buildConfigurations = (
				4E1443E01D3D14ED00A3478B /* Debug */,
				4E1443E11D3D14ED00A3478B /* Release */,
			);
			defaultConfigurationIsVisible = 0;
			defaultConfigurationName = Release;
		};
		4E1443E21D3D14ED00A3478B /* Build configuration list for PBXNativeTarget "CircleAnimateDemo" */ = {
			isa = XCConfigurationList;
			buildConfigurations = (
				4E1443E31D3D14ED00A3478B /* Debug */,
				4E1443E41D3D14ED00A3478B /* Release */,
			);
			defaultConfigurationIsVisible = 0;
			defaultConfigurationName = Release;
		};
/* End XCConfigurationList section */
	};
	rootObject = 4E1443C31D3D14EC00A3478B /* Project object */;
}
